
Microsoft Visual Studio Solution File, Format Version 12.00
# Visual Studio 14
VisualStudioVersion = 14.0.25420.1
MinimumVisualStudioVersion = 10.0.40219.1
Project("{2150E333-8FDC-42A3-9474-1A3956D46DE8}") = "Engine", "Engine", "{4D35D06C-BEF2-4FA0-B67F-26F8727A8D84}"
EndProject
Project("{2150E333-8FDC-42A3-9474-1A3956D46DE8}") = "Games", "Games", "{E41C2386-58B5-4E47-8211-15C7DD36B795}"
EndProject
Project("{8BC9CEB8-8B4A-11D0-8D11-00A0C91BC942}") = "UE4", "Intermediate\ProjectFiles\UE4.vcxproj", "{9D05DEB5-24F6-4AA7-B73C-3D33859D3689}"
EndProject
Project("{8BC9CEB8-8B4A-11D0-8D11-00A0C91BC942}") = "CastleOfPerdition", "Intermediate\ProjectFiles\CastleOfPerdition.vcxproj", "{41BBAB1A-BBF9-4108-8159-8EE462AF3E49}"
EndProject
Global
	GlobalSection(SolutionConfigurationPlatforms) = preSolution
		DebugGame Editor|HTML5 = DebugGame Editor|HTML5
		DebugGame Editor|Win32 = DebugGame Editor|Win32
		DebugGame Editor|Win64 = DebugGame Editor|Win64
		DebugGame|HTML5 = DebugGame|HTML5
		DebugGame|Win32 = DebugGame|Win32
		DebugGame|Win64 = DebugGame|Win64
		Development Editor|HTML5 = Development Editor|HTML5
		Development Editor|Win32 = Development Editor|Win32
		Development Editor|Win64 = Development Editor|Win64
		Development|HTML5 = Development|HTML5
		Development|Win32 = Development|Win32
		Development|Win64 = Development|Win64
		Shipping|HTML5 = Shipping|HTML5
		Shipping|Win32 = Shipping|Win32
		Shipping|Win64 = Shipping|Win64
	EndGlobalSection
	GlobalSection(ProjectConfigurationPlatforms) = postSolution
		{9D05DEB5-24F6-4AA7-B73C-3D33859D3689}.DebugGame Editor|HTML5.ActiveCfg = BuiltWithUnrealBuildTool|Win32
		{9D05DEB5-24F6-4AA7-B73C-3D33859D3689}.DebugGame Editor|HTML5.Build.0 = BuiltWithUnrealBuildTool|Win32
		{9D05DEB5-24F6-4AA7-B73C-3D33859D3689}.DebugGame Editor|Win32.ActiveCfg = BuiltWithUnrealBuildTool|Win32
		{9D05DEB5-24F6-4AA7-B73C-3D33859D3689}.DebugGame Editor|Win32.Build.0 = BuiltWithUnrealBuildTool|Win32
		{9D05DEB5-24F6-4AA7-B73C-3D33859D3689}.DebugGame Editor|Win64.ActiveCfg = BuiltWithUnrealBuildTool|Win32
		{9D05DEB5-24F6-4AA7-B73C-3D33859D3689}.DebugGame Editor|Win64.Build.0 = BuiltWithUnrealBuildTool|Win32
		{9D05DEB5-24F6-4AA7-B73C-3D33859D3689}.DebugGame|HTML5.ActiveCfg = BuiltWithUnrealBuildTool|Win32
		{9D05DEB5-24F6-4AA7-B73C-3D33859D3689}.DebugGame|HTML5.Build.0 = BuiltWithUnrealBuildTool|Win32
		{9D05DEB5-24F6-4AA7-B73C-3D33859D3689}.DebugGame|Win32.ActiveCfg = BuiltWithUnrealBuildTool|Win32
		{9D05DEB5-24F6-4AA7-B73C-3D33859D3689}.DebugGame|Win32.Build.0 = BuiltWithUnrealBuildTool|Win32
		{9D05DEB5-24F6-4AA7-B73C-3D33859D3689}.DebugGame|Win64.ActiveCfg = BuiltWithUnrealBuildTool|Win32
		{9D05DEB5-24F6-4AA7-B73C-3D33859D3689}.DebugGame|Win64.Build.0 = BuiltWithUnrealBuildTool|Win32
		{9D05DEB5-24F6-4AA7-B73C-3D33859D3689}.Development Editor|HTML5.ActiveCfg = BuiltWithUnrealBuildTool|Win32
		{9D05DEB5-24F6-4AA7-B73C-3D33859D3689}.Development Editor|HTML5.Build.0 = BuiltWithUnrealBuildTool|Win32
		{9D05DEB5-24F6-4AA7-B73C-3D33859D3689}.Development Editor|Win32.ActiveCfg = BuiltWithUnrealBuildTool|Win32
		{9D05DEB5-24F6-4AA7-B73C-3D33859D3689}.Development Editor|Win32.Build.0 = BuiltWithUnrealBuildTool|Win32
		{9D05DEB5-24F6-4AA7-B73C-3D33859D3689}.Development Editor|Win64.ActiveCfg = BuiltWithUnrealBuildTool|Win32
		{9D05DEB5-24F6-4AA7-B73C-3D33859D3689}.Development Editor|Win64.Build.0 = BuiltWithUnrealBuildTool|Win32
		{9D05DEB5-24F6-4AA7-B73C-3D33859D3689}.Development|HTML5.ActiveCfg = BuiltWithUnrealBuildTool|Win32
		{9D05DEB5-24F6-4AA7-B73C-3D33859D3689}.Development|HTML5.Build.0 = BuiltWithUnrealBuildTool|Win32
		{9D05DEB5-24F6-4AA7-B73C-3D33859D3689}.Development|Win32.ActiveCfg = BuiltWithUnrealBuildTool|Win32
		{9D05DEB5-24F6-4AA7-B73C-3D33859D3689}.Development|Win32.Build.0 = BuiltWithUnrealBuildTool|Win32
		{9D05DEB5-24F6-4AA7-B73C-3D33859D3689}.Development|Win64.ActiveCfg = BuiltWithUnrealBuildTool|Win32
		{9D05DEB5-24F6-4AA7-B73C-3D33859D3689}.Development|Win64.Build.0 = BuiltWithUnrealBuildTool|Win32
		{9D05DEB5-24F6-4AA7-B73C-3D33859D3689}.Shipping|HTML5.ActiveCfg = BuiltWithUnrealBuildTool|Win32
		{9D05DEB5-24F6-4AA7-B73C-3D33859D3689}.Shipping|HTML5.Build.0 = BuiltWithUnrealBuildTool|Win32
		{9D05DEB5-24F6-4AA7-B73C-3D33859D3689}.Shipping|Win32.ActiveCfg = BuiltWithUnrealBuildTool|Win32
		{9D05DEB5-24F6-4AA7-B73C-3D33859D3689}.Shipping|Win32.Build.0 = BuiltWithUnrealBuildTool|Win32
		{9D05DEB5-24F6-4AA7-B73C-3D33859D3689}.Shipping|Win64.ActiveCfg = BuiltWithUnrealBuildTool|Win32
		{9D05DEB5-24F6-4AA7-B73C-3D33859D3689}.Shipping|Win64.Build.0 = BuiltWithUnrealBuildTool|Win32
		{41BBAB1A-BBF9-4108-8159-8EE462AF3E49}.DebugGame Editor|HTML5.ActiveCfg = HTML5_DebugGame_Editor|Win32
		{41BBAB1A-BBF9-4108-8159-8EE462AF3E49}.DebugGame Editor|Win32.ActiveCfg = DebugGame_Editor|Win32
		{41BBAB1A-BBF9-4108-8159-8EE462AF3E49}.DebugGame Editor|Win64.ActiveCfg = DebugGame_Editor|x64
		{41BBAB1A-BBF9-4108-8159-8EE462AF3E49}.DebugGame Editor|Win64.Build.0 = DebugGame_Editor|x64
		{41BBAB1A-BBF9-4108-8159-8EE462AF3E49}.DebugGame|HTML5.ActiveCfg = HTML5_DebugGame_Game|Win32
		{41BBAB1A-BBF9-4108-8159-8EE462AF3E49}.DebugGame|HTML5.Build.0 = HTML5_DebugGame_Game|Win32
		{41BBAB1A-BBF9-4108-8159-8EE462AF3E49}.DebugGame|Win32.ActiveCfg = DebugGame_Game|Win32
		{41BBAB1A-BBF9-4108-8159-8EE462AF3E49}.DebugGame|Win32.Build.0 = DebugGame_Game|Win32
		{41BBAB1A-BBF9-4108-8159-8EE462AF3E49}.DebugGame|Win64.ActiveCfg = DebugGame_Game|x64
		{41BBAB1A-BBF9-4108-8159-8EE462AF3E49}.DebugGame|Win64.Build.0 = DebugGame_Game|x64
		{41BBAB1A-BBF9-4108-8159-8EE462AF3E49}.Development Editor|HTML5.ActiveCfg = HTML5_Development_Editor|Win32
		{41BBAB1A-BBF9-4108-8159-8EE462AF3E49}.Development Editor|Win32.ActiveCfg = Development_Editor|Win32
		{41BBAB1A-BBF9-4108-8159-8EE462AF3E49}.Development Editor|Win64.ActiveCfg = Development_Editor|x64
		{41BBAB1A-BBF9-4108-8159-8EE462AF3E49}.Development Editor|Win64.Build.0 = Development_Editor|x64
		{41BBAB1A-BBF9-4108-8159-8EE462AF3E49}.Development|HTML5.ActiveCfg = HTML5_Development_Game|Win32
		{41BBAB1A-BBF9-4108-8159-8EE462AF3E49}.Development|HTML5.Build.0 = HTML5_Development_Game|Win32
		{41BBAB1A-BBF9-4108-8159-8EE462AF3E49}.Development|Win32.ActiveCfg = Development_Game|Win32
		{41BBAB1A-BBF9-4108-8159-8EE462AF3E49}.Development|Win32.Build.0 = Development_Game|Win32
		{41BBAB1A-BBF9-4108-8159-8EE462AF3E49}.Development|Win64.ActiveCfg = Development_Game|x64
		{41BBAB1A-BBF9-4108-8159-8EE462AF3E49}.Development|Win64.Build.0 = Development_Game|x64
		{41BBAB1A-BBF9-4108-8159-8EE462AF3E49}.Shipping|HTML5.ActiveCfg = HTML5_Shipping_Game|Win32
		{41BBAB1A-BBF9-4108-8159-8EE462AF3E49}.Shipping|HTML5.Build.0 = HTML5_Shipping_Game|Win32
		{41BBAB1A-BBF9-4108-8159-8EE462AF3E49}.Shipping|Win32.ActiveCfg = Shipping_Game|Win32
		{41BBAB1A-BBF9-4108-8159-8EE462AF3E49}.Shipping|Win32.Build.0 = Shipping_Game|Win32
		{41BBAB1A-BBF9-4108-8159-8EE462AF3E49}.Shipping|Win64.ActiveCfg = Shipping_Game|x64
		{41BBAB1A-BBF9-4108-8159-8EE462AF3E49}.Shipping|Win64.Build.0 = Shipping_Game|x64
	EndGlobalSection
	GlobalSection(SolutionProperties) = preSolution
		HideSolutionNode = FALSE
	EndGlobalSection
	GlobalSection(NestedProjects) = preSolution
		{9D05DEB5-24F6-4AA7-B73C-3D33859D3689} = {4D35D06C-BEF2-4FA0-B67F-26F8727A8D84}
		{41BBAB1A-BBF9-4108-8159-8EE462AF3E49} = {E41C2386-58B5-4E47-8211-15C7DD36B795}
	EndGlobalSection
EndGlobal
